
Microsoft Visual Studio Solution File, Format Version 12.00
# Visual Studio 15
Project("{FAE04EC0-301F-11D3-BF4B-00C04F79EFBC}") = "Spece-Shoot-UnityEngine-Lab2", "Assembly-CSharp.csproj", "{5A3573B9-B235-35EE-1082-BE97AAF0A20F}"
EndProject
Project("{FAE04EC0-301F-11D3-BF4B-00C04F79EFBC}") = "Spece-Shoot-UnityEngine-Lab2", "Assembly-CSharp-Editor.csproj", "{0D97163D-E0BB-AF34-1988-0078D14E573D}"
EndProject
Global
	GlobalSection(SolutionConfigurationPlatforms) = preSolution
		Debug|Any CPU = Debug|Any CPU
		Release|Any CPU = Release|Any CPU
	EndGlobalSection
	GlobalSection(ProjectConfigurationPlatforms) = postSolution
		{5A3573B9-B235-35EE-1082-BE97AAF0A20F}.Debug|Any CPU.ActiveCfg = Debug|Any CPU
		{5A3573B9-B235-35EE-1082-BE97AAF0A20F}.Debug|Any CPU.Build.0 = Debug|Any CPU
		{5A3573B9-B235-35EE-1082-BE97AAF0A20F}.Release|Any CPU.ActiveCfg = Release|Any CPU
		{5A3573B9-B235-35EE-1082-BE97AAF0A20F}.Release|Any CPU.Build.0 = Release|Any CPU
		{0D97163D-E0BB-AF34-1988-0078D14E573D}.Debug|Any CPU.ActiveCfg = Debug|Any CPU
		{0D97163D-E0BB-AF34-1988-0078D14E573D}.Debug|Any CPU.Build.0 = Debug|Any CPU
		{0D97163D-E0BB-AF34-1988-0078D14E573D}.Release|Any CPU.ActiveCfg = Release|Any CPU
		{0D97163D-E0BB-AF34-1988-0078D14E573D}.Release|Any CPU.Build.0 = Release|Any CPU
	EndGlobalSection
	GlobalSection(SolutionProperties) = preSolution
		HideSolutionNode = FALSE
	EndGlobalSection
EndGlobal
